
Microsoft Visual Studio Solution File, Format Version 12.00
# Visual Studio Version 17
VisualStudioVersion = 17.4.33403.182
MinimumVisualStudioVersion = 10.0.40219.1
Project("{FAE04EC0-301F-11D3-BF4B-00C04F79EFBC}") = "Profi", "Profi.csproj", "{A7E2149B-DC6B-4703-9F25-F3E90D9CC158}"
EndProject
Project("{FAE04EC0-301F-11D3-BF4B-00C04F79EFBC}") = "ProfiTests", "ProfiTests\ProfiTests.csproj", "{D69A45E8-FEB9-4A99-B39A-4D90D853E9D1}"
EndProject
Global
	GlobalSection(SolutionConfigurationPlatforms) = preSolution
		Debug|Any CPU = Debug|Any CPU
		Release|Any CPU = Release|Any CPU
	EndGlobalSection
	GlobalSection(ProjectConfigurationPlatforms) = postSolution
		{A7E2149B-DC6B-4703-9F25-F3E90D9CC158}.Debug|Any CPU.ActiveCfg = Debug|Any CPU
		{A7E2149B-DC6B-4703-9F25-F3E90D9CC158}.Debug|Any CPU.Build.0 = Debug|Any CPU
		{A7E2149B-DC6B-4703-9F25-F3E90D9CC158}.Release|Any CPU.ActiveCfg = Release|Any CPU
		{A7E2149B-DC6B-4703-9F25-F3E90D9CC158}.Release|Any CPU.Build.0 = Release|Any CPU
		{D69A45E8-FEB9-4A99-B39A-4D90D853E9D1}.Debug|Any CPU.ActiveCfg = Debug|Any CPU
		{D69A45E8-FEB9-4A99-B39A-4D90D853E9D1}.Debug|Any CPU.Build.0 = Debug|Any CPU
		{D69A45E8-FEB9-4A99-B39A-4D90D853E9D1}.Release|Any CPU.ActiveCfg = Release|Any CPU
		{D69A45E8-FEB9-4A99-B39A-4D90D853E9D1}.Release|Any CPU.Build.0 = Release|Any CPU
	EndGlobalSection
	GlobalSection(SolutionProperties) = preSolution
		HideSolutionNode = FALSE
	EndGlobalSection
	GlobalSection(ExtensibilityGlobals) = postSolution
		SolutionGuid = {B1241618-D1D9-4629-A8FE-39436528235C}
	EndGlobalSection
EndGlobal
